// !$*UTF8*$!
{
	archiveVersion = 1;
	classes = {
	};
	objectVersion = 50;
	objects = {

/* Begin PBXBuildFile section */
		CB4195A52148A910006B16C1 /* AppDelegate.m in Sources */ = {isa = PBXBuildFile; fileRef = CB4195A42148A910006B16C1 /* AppDelegate.m */; };
		CB4195AD2148A911006B16C1 /* Assets.xcassets in Resources */ = {isa = PBXBuildFile; fileRef = CB4195AC2148A911006B16C1 /* Assets.xcassets */; };
		CB4195B02148A911006B16C1 /* LaunchScreen.storyboard in Resources */ = {isa = PBXBuildFile; fileRef = CB4195AE2148A911006B16C1 /* LaunchScreen.storyboard */; };
		CB4195B32148A911006B16C1 /* main.m in Sources */ = {isa = PBXBuildFile; fileRef = CB4195B22148A911006B16C1 /* main.m */; };
		CB4195C12148AB1C006B16C1 /* FaceView.m in Sources */ = {isa = PBXBuildFile; fileRef = CB4195C02148AB1C006B16C1 /* FaceView.m */; };
		CB6E92B7214B80A000D14069 /* HappinessViewController.m in Sources */ = {isa = PBXBuildFile; fileRef = CB6E92B6214B80A000D14069 /* HappinessViewController.m */; };
		CB8092E921567F6900B2347D /* Main.storyboard in Resources */ = {isa = PBXBuildFile; fileRef = CB8092E821567F6900B2347D /* Main.storyboard */; };
/* End PBXBuildFile section */

/* Begin PBXFileReference section */
		CB4195A02148A910006B16C1 /* Happiness_02_201402343.app */ = {isa = PBXFileReference; explicitFileType = wrapper.application; includeInIndex = 0; path = Happiness_02_201402343.app; sourceTree = BUILT_PRODUCTS_DIR; };
		CB4195A32148A910006B16C1 /* AppDelegate.h */ = {isa = PBXFileReference; lastKnownFileType = sourcecode.c.h; path = AppDelegate.h; sourceTree = "<group>"; };
		CB4195A42148A910006B16C1 /* AppDelegate.m */ = {isa = PBXFileReference; lastKnownFileType = sourcecode.c.objc; path = AppDelegate.m; sourceTree = "<group>"; };
		CB4195AC2148A911006B16C1 /* Assets.xcassets */ = {isa = PBXFileReference; lastKnownFileType = folder.assetcatalog; path = Assets.xcassets; sourceTree = "<group>"; };
		CB4195AF2148A911006B16C1 /* Base */ = {isa = PBXFileReference; lastKnownFileType = file.storyboard; name = Base; path = Base.lproj/LaunchScreen.storyboard; sourceTree = "<group>"; };
		CB4195B12148A911006B16C1 /* Info.plist */ = {isa = PBXFileReference; lastKnownFileType = text.plist.xml; path = Info.plist; sourceTree = "<group>"; };
		CB4195B22148A911006B16C1 /* main.m */ = {isa = PBXFileReference; lastKnownFileType = sourcecode.c.objc; path = main.m; sourceTree = "<group>"; };
		CB4195BF2148AB1C006B16C1 /* FaceView.h */ = {isa = PBXFileReference; lastKnownFileType = sourcecode.c.h; path = FaceView.h; sourceTree = "<group>"; };
		CB4195C02148AB1C006B16C1 /* FaceView.m */ = {isa = PBXFileReference; lastKnownFileType = sourcecode.c.objc; path = FaceView.m; sourceTree = "<group>"; };
		CB6E92B5214B80A000D14069 /* HappinessViewController.h */ = {isa = PBXFileReference; lastKnownFileType = sourcecode.c.h; path = HappinessViewController.h; sourceTree = "<group>"; };
		CB6E92B6214B80A000D14069 /* HappinessViewController.m */ = {isa = PBXFileReference; lastKnownFileType = sourcecode.c.objc; path = HappinessViewController.m; sourceTree = "<group>"; };
		CB8092E821567F6900B2347D /* Main.storyboard */ = {isa = PBXFileReference; fileEncoding = 4; lastKnownFileType = file.storyboard; path = Main.storyboard; sourceTree = "<group>"; };
/* End PBXFileReference section */

/* Begin PBXFrameworksBuildPhase section */
		CB41959D2148A910006B16C1 /* Frameworks */ = {
			isa = PBXFrameworksBuildPhase;
			buildActionMask = 2147483647;
			files = (
			);
			runOnlyForDeploymentPostprocessing = 0;
		};
/* End PBXFrameworksBuildPhase section */

/* Begin PBXGroup section */
		CB4195972148A910006B16C1 = {
			isa = PBXGroup;
			children = (
				CB4195A22148A910006B16C1 /* Happiness_02_201402343 */,
				CB4195A12148A910006B16C1 /* Products */,
			);
			sourceTree = "<group>";
		};
		CB4195A12148A910006B16C1 /* Products */ = {
			isa = PBXGroup;
			children = (
				CB4195A02148A910006B16C1 /* Happiness_02_201402343.app */,
			);
			name = Products;
			sourceTree = "<group>";
		};
		CB4195A22148A910006B16C1 /* Happiness_02_201402343 */ = {
			isa = PBXGroup;
			children = (
				CB4195BB2148A960006B16C1 /* App */,
				CB4195BA2148A959006B16C1 /* View */,
				CB4195B92148A951006B16C1 /* Controller */,
				CB4195AC2148A911006B16C1 /* Assets.xcassets */,
				CB4195B12148A911006B16C1 /* Info.plist */,
			);
			path = Happiness_02_201402343;
			sourceTree = "<group>";
		};
		CB4195B92148A951006B16C1 /* Controller */ = {
			isa = PBXGroup;
			children = (
				CB6E92B5214B80A000D14069 /* HappinessViewController.h */,
				CB6E92B6214B80A000D14069 /* HappinessViewController.m */,
			);
			path = Controller;
			sourceTree = "<group>";
		};
		CB4195BA2148A959006B16C1 /* View */ = {
			isa = PBXGroup;
			children = (
				CB8092E821567F6900B2347D /* Main.storyboard */,
				CB4195BF2148AB1C006B16C1 /* FaceView.h */,
				CB4195C02148AB1C006B16C1 /* FaceView.m */,
			);
			path = View;
			sourceTree = "<group>";
		};
		CB4195BB2148A960006B16C1 /* App */ = {
			isa = PBXGroup;
			children = (
				CB4195A32148A910006B16C1 /* AppDelegate.h */,
				CB4195A42148A910006B16C1 /* AppDelegate.m */,
				CB4195AE2148A911006B16C1 /* LaunchScreen.storyboard */,
				CB4195B22148A911006B16C1 /* main.m */,
			);
			path = App;
			sourceTree = "<group>";
		};
/* End PBXGroup section */

/* Begin PBXNativeTarget section */
		CB41959F2148A910006B16C1 /* Happiness_02_201402343 */ = {
			isa = PBXNativeTarget;
			buildConfigurationList = CB4195B62148A911006B16C1 /* Build configuration list for PBXNativeTarget "Happiness_02_201402343" */;
			buildPhases = (
				CB41959C2148A910006B16C1 /* Sources */,
				CB41959D2148A910006B16C1 /* Frameworks */,
				CB41959E2148A910006B16C1 /* Resources */,
			);
			buildRules = (
			);
			dependencies = (
			);
			name = Happiness_02_201402343;
			productName = Happiness_02_201402343;
			productReference = CB4195A02148A910006B16C1 /* Happiness_02_201402343.app */;
			productType = "com.apple.product-type.application";
		};
/* End PBXNativeTarget section */

/* Begin PBXProject section */
		CB4195982148A910006B16C1 /* Project object */ = {
			isa = PBXProject;
			attributes = {
				LastUpgradeCheck = 0940;
				ORGANIZATIONNAME = 201402343;
				TargetAttributes = {
					CB41959F2148A910006B16C1 = {
						CreatedOnToolsVersion = 9.4.1;
					};
				};
			};
			buildConfigurationList = CB41959B2148A910006B16C1 /* Build configuration list for PBXProject "Happiness_02_201402343" */;
			compatibilityVersion = "Xcode 9.3";
			developmentRegion = en;
			hasScannedForEncodings = 0;
			knownRegions = (
				en,
				Base,
			);
			mainGroup = CB4195972148A910006B16C1;
			productRefGroup = CB4195A12148A910006B16C1 /* Products */;
			projectDirPath = "";
			projectRoot = "";
			targets = (
				CB41959F2148A910006B16C1 /* Happiness_02_201402343 */,
			);
		};
/* End PBXProject section */

/* Begin PBXResourcesBuildPhase section */
		CB41959E2148A910006B16C1 /* Resources */ = {
			isa = PBXResourcesBuildPhase;
			buildActionMask = 2147483647;
			files = (
				CB4195B02148A911006B16C1 /* LaunchScreen.storyboard in Resources */,
				CB4195AD2148A911006B16C1 /* Assets.xcassets in Resources */,
				CB8092E921567F6900B2347D /* Main.storyboard in Resources */,
			);
			runOnlyForDeploymentPostprocessing = 0;
		};
/* End PBXResourcesBuildPhase section */

/* Begin PBXSourcesBuildPhase section */
		CB41959C2148A910006B16C1 /* Sources */ = {
			isa = PBXSourcesBuildPhase;
			buildActionMask = 2147483647;
			files = (
				CB4195B32148A911006B16C1 /* main.m in Sources */,
				CB4195A52148A910006B16C1 /* AppDelegate.m in Sources */,
				CB4195C12148AB1C006B16C1 /* FaceView.m in Sources */,
				CB6E92B7214B80A000D14069 /* HappinessViewController.m in Sources */,
			);
			runOnlyForDeploymentPostprocessing = 0;
		};
/* End PBXSourcesBuildPhase section */

/* Begin PBXVariantGroup section */
		CB4195AE2148A911006B16C1 /* LaunchScreen.storyboard */ = {
			isa = PBXVariantGroup;
			children = (
				CB4195AF2148A911006B16C1 /* Base */,
			);
			name = LaunchScreen.storyboard;
			sourceTree = "<group>";
		};
/* End PBXVariantGroup section */

/* Begin XCBuildConfiguration section */
		CB4195B42148A911006B16C1 /* Debug */ = {
			isa = XCBuildConfiguration;
			buildSettings = {
				ALWAYS_SEARCH_USER_PATHS = NO;
				CLANG_ANALYZER_NONNULL = YES;
				CLANG_ANALYZER_NUMBER_OBJECT_CONVERSION = YES_AGGRESSIVE;
				CLANG_CXX_LANGUAGE_STANDARD = "gnu++14";
				CLANG_CXX_LIBRARY = "libc++";
				CLANG_ENABLE_MODULES = YES;
				CLANG_ENABLE_OBJC_ARC = YES;
				CLANG_ENABLE_OBJC_WEAK = YES;
				CLANG_WARN_BLOCK_CAPTURE_AUTORELEASING = YES;
				CLANG_WARN_BOOL_CONVERSION = YES;
				CLANG_WARN_COMMA = YES;
				CLANG_WARN_CONSTANT_CONVERSION = YES;
				CLANG_WARN_DEPRECATED_OBJC_IMPLEMENTATIONS = YES;
				CLANG_WARN_DIRECT_OBJC_ISA_USAGE = YES_ERROR;
				CLANG_WARN_DOCUMENTATION_COMMENTS = YES;
				CLANG_WARN_EMPTY_BODY = YES;
				CLANG_WARN_ENUM_CONVERSION = YES;
				CLANG_WARN_INFINITE_RECURSION = YES;
				CLANG_WARN_INT_CONVERSION = YES;
				CLANG_WARN_NON_LITERAL_NULL_CONVERSION = YES;
				CLANG_WARN_OBJC_IMPLICIT_RETAIN_SELF = YES;
				CLANG_WARN_OBJC_LITERAL_CONVERSION = YES;
				CLANG_WARN_OBJC_ROOT_CLASS = YES_ERROR;
				CLANG_WARN_RANGE_LOOP_ANALYSIS = YES;
				CLANG_WARN_STRICT_PROTOTYPES = YES;
				CLANG_WARN_SUSPICIOUS_MOVE = YES;
				CLANG_WARN_UNGUARDED_AVAILABILITY = YES_AGGRESSIVE;
				CLANG_WARN_UNREACHABLE_CODE = YES;
				CLANG_WARN__DUPLICATE_METHOD_MATCH = YES;
				CODE_SIGN_IDENTITY = "iPhone Developer";
				COPY_PHASE_STRIP = NO;
				DEBUG_INFORMATION_FORMAT = dwarf;
				ENABLE_STRICT_OBJC_MSGSEND = YES;
				ENABLE_TESTABILITY = YES;
				GCC_C_LANGUAGE_STANDARD = gnu11;
				GCC_DYNAMIC_NO_PIC = NO;
				GCC_NO_COMMON_BLOCKS = YES;
				GCC_OPTIMIZATION_LEVEL = 0;
				GCC_PREPROCESSOR_DEFINITIONS = (
					"DEBUG=1",
					"$(inherited)",
				);
				GCC_WARN_64_TO_32_BIT_CONVERSION = YES;
				GCC_WARN_ABOUT_RETURN_TYPE = YES_ERROR;
				GCC_WARN_UNDECLARED_SELECTOR = YES;
				GCC_WARN_UNINITIALIZED_AUTOS = YES_AGGRESSIVE;
				GCC_WARN_UNUSED_FUNCTION = YES;
				GCC_WARN_UNUSED_VARIABLE = YES;
				IPHONEOS_DEPLOYMENT_TARGET = 11.4;
				MTL_ENABLE_DEBUG_INFO = YES;
				ONLY_ACTIVE_ARCH = YES;
				SDKROOT = iphoneos;
			};
			name = Debug;
		};
		CB4195B52148A911006B16C1 /* Release */ = {
			isa = XCBuildConfiguration;
			buildSettings = {
				ALWAYS_SEARCH_USER_PATHS = NO;
				CLANG_ANALYZER_NONNULL = YES;
				CLANG_ANALYZER_NUMBER_OBJECT_CONVERSION = YES_AGGRESSIVE;
				CLANG_CXX_LANGUAGE_STANDARD = "gnu++14";
				CLANG_CXX_LIBRARY = "libc++";
				CLANG_ENABLE_MODULES = YES;
				CLANG_ENABLE_OBJC_ARC = YES;
				CLANG_ENABLE_OBJC_WEAK = YES;
				CLANG_WARN_BLOCK_CAPTURE_AUTORELEASING = YES;
				CLANG_WARN_BOOL_CONVERSION = YES;
				CLANG_WARN_COMMA = YES;
				CLANG_WARN_CONSTANT_CONVERSION = YES;
				CLANG_WARN_DEPRECATED_OBJC_IMPLEMENTATIONS = YES;
				CLANG_WARN_DIRECT_OBJC_ISA_USAGE = YES_ERROR;
				CLANG_WARN_DOCUMENTATION_COMMENTS = YES;
				CLANG_WARN_EMPTY_BODY = YES;
				CLANG_WARN_ENUM_CONVERSION = YES;
				CLANG_WARN_INFINITE_RECURSION = YES;
				CLANG_WARN_INT_CONVERSION = YES;
				CLANG_WARN_NON_LITERAL_NULL_CONVERSION = YES;
				CLANG_WARN_OBJC_IMPLICIT_RETAIN_SELF = YES;
				CLANG_WARN_OBJC_LITERAL_CONVERSION = YES;
				CLANG_WARN_OBJC_ROOT_CLASS = YES_ERROR;
				CLANG_WARN_RANGE_LOOP_ANALYSIS = YES;
				CLANG_WARN_STRICT_PROTOTYPES = YES;
				CLANG_WARN_SUSPICIOUS_MOVE = YES;
				CLANG_WARN_UNGUARDED_AVAILABILITY = YES_AGGRESSIVE;
				CLANG_WARN_UNREACHABLE_CODE = YES;
				CLANG_WARN__DUPLICATE_METHOD_MATCH = YES;
				CODE_SIGN_IDENTITY = "iPhone Developer";
				COPY_PHASE_STRIP = NO;
				DEBUG_INFORMATION_FORMAT = "dwarf-with-dsym";
				ENABLE_NS_ASSERTIONS = NO;
				ENABLE_STRICT_OBJC_MSGSEND = YES;
				GCC_C_LANGUAGE_STANDARD = gnu11;
				GCC_NO_COMMON_BLOCKS = YES;
				GCC_WARN_64_TO_32_BIT_CONVERSION = YES;
				GCC_WARN_ABOUT_RETURN_TYPE = YES_ERROR;
				GCC_WARN_UNDECLARED_SELECTOR = YES;
				GCC_WARN_UNINITIALIZED_AUTOS = YES_AGGRESSIVE;
				GCC_WARN_UNUSED_FUNCTION = YES;
				GCC_WARN_UNUSED_VARIABLE = YES;
				IPHONEOS_DEPLOYMENT_TARGET = 11.4;
				MTL_ENABLE_DEBUG_INFO = NO;
				SDKROOT = iphoneos;
				VALIDATE_PRODUCT = YES;
			};
			name = Release;
		};
		CB4195B72148A911006B16C1 /* Debug */ = {
			isa = XCBuildConfiguration;
			buildSettings = {
				ASSETCATALOG_COMPILER_APPICON_NAME = AppIcon;
				CODE_SIGN_STYLE = Automatic;
				DEVELOPMENT_TEAM = SX7KRP35G2;
				INFOPLIST_FILE = Happiness_02_201402343/Info.plist;
				LD_RUNPATH_SEARCH_PATHS = (
					"$(inherited)",
					"@executable_path/Frameworks",
				);
				PRODUCT_BUNDLE_IDENTIFIER = "-01402343.Happiness-02-201402343";
				PRODUCT_NAME = "$(TARGET_NAME)";
				TARGETED_DEVICE_FAMILY = "1,2";
			};
			name = Debug;
		};
		CB4195B82148A911006B16C1 /* Release */ = {
			isa = XCBuildConfiguration;
			buildSettings = {
				ASSETCATALOG_COMPILER_APPICON_NAME = AppIcon;
				CODE_SIGN_STYLE = Automatic;
				DEVELOPMENT_TEAM = SX7KRP35G2;
				INFOPLIST_FILE = Happiness_02_201402343/Info.plist;
				LD_RUNPATH_SEARCH_PATHS = (
					"$(inherited)",
					"@executable_path/Frameworks",
				);
				PRODUCT_BUNDLE_IDENTIFIER = "-01402343.Happiness-02-201402343";
				PRODUCT_NAME = "$(TARGET_NAME)";
				TARGETED_DEVICE_FAMILY = "1,2";
			};
			name = Release;
		};
/* End XCBuildConfiguration section */

/* Begin XCConfigurationList section */
		CB41959B2148A910006B16C1 /* Build configuration list for PBXProject "Happiness_02_201402343" */ = {
			isa = XCConfigurationList;
			buildConfigurations = (
				CB4195B42148A911006B16C1 /* Debug */,
				CB4195B52148A911006B16C1 /* Release */,
			);
			defaultConfigurationIsVisible = 0;
			defaultConfigurationName = Release;
		};
		CB4195B62148A911006B16C1 /* Build configuration list for PBXNativeTarget "Happiness_02_201402343" */ = {
			isa = XCConfigurationList;
			buildConfigurations = (
				CB4195B72148A911006B16C1 /* Debug */,
				CB4195B82148A911006B16C1 /* Release */,
			);
			defaultConfigurationIsVisible = 0;
			defaultConfigurationName = Release;
		};
/* End XCConfigurationList section */
	};
	rootObject = CB4195982148A910006B16C1 /* Project object */;
}
